
Microsoft Visual Studio Solution File, Format Version 12.00
# Visual Studio Version 17
VisualStudioVersion = 17.5.002.0
MinimumVisualStudioVersion = 10.0.40219.1
Project("{2150E333-8FDC-42A3-9474-1A3956D46DE8}") = "sdk", "sdk", "{48AE63D5-B30C-4E7F-9222-D16BE869E7C6}"
EndProject
Project("{9A19103F-16F7-4668-BE54-9A1E7A4F7556}") = "Pulumi.Onepassword", "sdk\dotnet\Pulumi.Onepassword.csproj", "{89B48EAA-9DCE-47A5-8881-1815BB22E2C5}"
EndProject
Project("{2150E333-8FDC-42A3-9474-1A3956D46DE8}") = "examples", "examples", "{9AB9B51A-A48B-490C-AB0E-71BFBADC883B}"
EndProject
Project("{9A19103F-16F7-4668-BE54-9A1E7A4F7556}") = "csharp", "examples\csharp\csharp.csproj", "{5FA6A40A-AE56-4120-BD52-84BB6ADB5857}"
EndProject
Project("{2150E333-8FDC-42A3-9474-1A3956D46DE8}") = "nodejs", "nodejs", "{29271785-301C-46CC-96ED-ED4028C00C0B}"
EndProject
Project("{2150E333-8FDC-42A3-9474-1A3956D46DE8}") = "node_modules", "node_modules", "{C695348B-1C28-447F-8878-E2DAD617A20D}"
EndProject
Project("{2150E333-8FDC-42A3-9474-1A3956D46DE8}") = "@pulumi", "@pulumi", "{5FCC117B-F4D6-491F-990A-F171A47AD7E1}"
EndProject
Project("{2150E333-8FDC-42A3-9474-1A3956D46DE8}") = "pulumi", "pulumi", "{5234E6A3-C1B7-45E6-B52D-AAF83E58120E}"
EndProject
Project("{2150E333-8FDC-42A3-9474-1A3956D46DE8}") = "tests", "tests", "{B6F1EF3D-6B1D-424F-BF4A-A39D83A1A8EC}"
EndProject
Project("{2150E333-8FDC-42A3-9474-1A3956D46DE8}") = "automation", "automation", "{548C7D84-380F-43C8-AE4A-4CF1CB1495B9}"
EndProject
Project("{2150E333-8FDC-42A3-9474-1A3956D46DE8}") = "data", "data", "{1A722B8B-3164-4118-81F5-EDB1B43471E5}"
EndProject
Project("{9A19103F-16F7-4668-BE54-9A1E7A4F7556}") = "TestProj", "sdk\nodejs\node_modules\@pulumi\pulumi\tests\automation\data\testproj_dotnet\TestProj.csproj", "{74FF28F7-8B54-4C79-BD00-DA20B20843B8}"
EndProject
Project("{2150E333-8FDC-42A3-9474-1A3956D46DE8}") = "simple", "simple", "{C16A9BDA-3E53-4F4C-BFED-9548E8035F0D}"
EndProject
Project("{2150E333-8FDC-42A3-9474-1A3956D46DE8}") = "node_modules", "node_modules", "{AE48735E-87A7-4FD1-8D86-691CD7CD9FEF}"
EndProject
Project("{2150E333-8FDC-42A3-9474-1A3956D46DE8}") = "@pulumi", "@pulumi", "{52E1CB9F-BC6D-470E-8ACC-C418C2FB6306}"
EndProject
Project("{2150E333-8FDC-42A3-9474-1A3956D46DE8}") = "pulumi", "pulumi", "{E72F836A-802D-484D-85FD-0A409807E18E}"
EndProject
Project("{2150E333-8FDC-42A3-9474-1A3956D46DE8}") = "tests", "tests", "{6FE6F06B-49DC-4749-87F4-30B66D6A123F}"
EndProject
Project("{2150E333-8FDC-42A3-9474-1A3956D46DE8}") = "automation", "automation", "{56D13303-62CB-44C3-8A76-384CABB60CA0}"
EndProject
Project("{2150E333-8FDC-42A3-9474-1A3956D46DE8}") = "data", "data", "{7BC22D47-02DC-44FC-9003-F4D788DA4525}"
EndProject
Project("{9A19103F-16F7-4668-BE54-9A1E7A4F7556}") = "TestProj", "examples\simple\node_modules\@pulumi\pulumi\tests\automation\data\testproj_dotnet\TestProj.csproj", "{56592132-A8A6-4C9F-822C-F7018365174F}"
EndProject
Project("{2150E333-8FDC-42A3-9474-1A3956D46DE8}") = "provider", "provider", "{6486CBFE-6FBD-4A6C-862F-3463EF9A65CE}"
EndProject
Project("{2150E333-8FDC-42A3-9474-1A3956D46DE8}") = "cmd", "cmd", "{21398571-4514-4FA2-BB73-B80D48C48E6D}"
EndProject
Project("{2150E333-8FDC-42A3-9474-1A3956D46DE8}") = "pulumi-resource-onepassword", "pulumi-resource-onepassword", "{1D8D39DA-D68B-4BE6-BEBD-B48F064F2723}"
EndProject
Project("{2150E333-8FDC-42A3-9474-1A3956D46DE8}") = "node_modules", "node_modules", "{D29EE1B1-7ECE-465D-AB21-BCEA9E3897F1}"
EndProject
Project("{2150E333-8FDC-42A3-9474-1A3956D46DE8}") = "@pulumi", "@pulumi", "{2146D29E-D67F-4235-B56F-B14754B8E313}"
EndProject
Project("{2150E333-8FDC-42A3-9474-1A3956D46DE8}") = "pulumi", "pulumi", "{A39E85D2-A1AA-4209-951F-61FDC783DD4E}"
EndProject
Project("{2150E333-8FDC-42A3-9474-1A3956D46DE8}") = "tests", "tests", "{D30D718B-8D97-45C0-A173-82EF241EE6D7}"
EndProject
Project("{2150E333-8FDC-42A3-9474-1A3956D46DE8}") = "automation", "automation", "{0EFC6E94-FE8C-4FF5-A664-A5F3E18A4948}"
EndProject
Project("{2150E333-8FDC-42A3-9474-1A3956D46DE8}") = "data", "data", "{0F427CEF-B7ED-4B74-A014-EA21B057FFC9}"
EndProject
Project("{9A19103F-16F7-4668-BE54-9A1E7A4F7556}") = "TestProj", "provider\cmd\pulumi-resource-onepassword\node_modules\@pulumi\pulumi\tests\automation\data\testproj_dotnet\TestProj.csproj", "{21702089-682B-4A76-A30F-2DBE5F8B74E5}"
EndProject
Global
	GlobalSection(SolutionConfigurationPlatforms) = preSolution
		Debug|Any CPU = Debug|Any CPU
		Release|Any CPU = Release|Any CPU
	EndGlobalSection
	GlobalSection(ProjectConfigurationPlatforms) = postSolution
		{89B48EAA-9DCE-47A5-8881-1815BB22E2C5}.Debug|Any CPU.ActiveCfg = Debug|Any CPU
		{89B48EAA-9DCE-47A5-8881-1815BB22E2C5}.Debug|Any CPU.Build.0 = Debug|Any CPU
		{89B48EAA-9DCE-47A5-8881-1815BB22E2C5}.Release|Any CPU.ActiveCfg = Release|Any CPU
		{89B48EAA-9DCE-47A5-8881-1815BB22E2C5}.Release|Any CPU.Build.0 = Release|Any CPU
		{5FA6A40A-AE56-4120-BD52-84BB6ADB5857}.Debug|Any CPU.ActiveCfg = Debug|Any CPU
		{5FA6A40A-AE56-4120-BD52-84BB6ADB5857}.Debug|Any CPU.Build.0 = Debug|Any CPU
		{5FA6A40A-AE56-4120-BD52-84BB6ADB5857}.Release|Any CPU.ActiveCfg = Release|Any CPU
		{5FA6A40A-AE56-4120-BD52-84BB6ADB5857}.Release|Any CPU.Build.0 = Release|Any CPU
		{74FF28F7-8B54-4C79-BD00-DA20B20843B8}.Debug|Any CPU.ActiveCfg = Debug|Any CPU
		{74FF28F7-8B54-4C79-BD00-DA20B20843B8}.Debug|Any CPU.Build.0 = Debug|Any CPU
		{74FF28F7-8B54-4C79-BD00-DA20B20843B8}.Release|Any CPU.ActiveCfg = Release|Any CPU
		{74FF28F7-8B54-4C79-BD00-DA20B20843B8}.Release|Any CPU.Build.0 = Release|Any CPU
		{56592132-A8A6-4C9F-822C-F7018365174F}.Debug|Any CPU.ActiveCfg = Debug|Any CPU
		{56592132-A8A6-4C9F-822C-F7018365174F}.Debug|Any CPU.Build.0 = Debug|Any CPU
		{56592132-A8A6-4C9F-822C-F7018365174F}.Release|Any CPU.ActiveCfg = Release|Any CPU
		{56592132-A8A6-4C9F-822C-F7018365174F}.Release|Any CPU.Build.0 = Release|Any CPU
		{21702089-682B-4A76-A30F-2DBE5F8B74E5}.Debug|Any CPU.ActiveCfg = Debug|Any CPU
		{21702089-682B-4A76-A30F-2DBE5F8B74E5}.Debug|Any CPU.Build.0 = Debug|Any CPU
		{21702089-682B-4A76-A30F-2DBE5F8B74E5}.Release|Any CPU.ActiveCfg = Release|Any CPU
		{21702089-682B-4A76-A30F-2DBE5F8B74E5}.Release|Any CPU.Build.0 = Release|Any CPU
	EndGlobalSection
	GlobalSection(SolutionProperties) = preSolution
		HideSolutionNode = FALSE
	EndGlobalSection
	GlobalSection(NestedProjects) = preSolution
		{89B48EAA-9DCE-47A5-8881-1815BB22E2C5} = {48AE63D5-B30C-4E7F-9222-D16BE869E7C6}
		{5FA6A40A-AE56-4120-BD52-84BB6ADB5857} = {9AB9B51A-A48B-490C-AB0E-71BFBADC883B}
		{29271785-301C-46CC-96ED-ED4028C00C0B} = {48AE63D5-B30C-4E7F-9222-D16BE869E7C6}
		{C695348B-1C28-447F-8878-E2DAD617A20D} = {29271785-301C-46CC-96ED-ED4028C00C0B}
		{5FCC117B-F4D6-491F-990A-F171A47AD7E1} = {C695348B-1C28-447F-8878-E2DAD617A20D}
		{5234E6A3-C1B7-45E6-B52D-AAF83E58120E} = {5FCC117B-F4D6-491F-990A-F171A47AD7E1}
		{B6F1EF3D-6B1D-424F-BF4A-A39D83A1A8EC} = {5234E6A3-C1B7-45E6-B52D-AAF83E58120E}
		{548C7D84-380F-43C8-AE4A-4CF1CB1495B9} = {B6F1EF3D-6B1D-424F-BF4A-A39D83A1A8EC}
		{1A722B8B-3164-4118-81F5-EDB1B43471E5} = {548C7D84-380F-43C8-AE4A-4CF1CB1495B9}
		{74FF28F7-8B54-4C79-BD00-DA20B20843B8} = {1A722B8B-3164-4118-81F5-EDB1B43471E5}
		{C16A9BDA-3E53-4F4C-BFED-9548E8035F0D} = {9AB9B51A-A48B-490C-AB0E-71BFBADC883B}
		{AE48735E-87A7-4FD1-8D86-691CD7CD9FEF} = {C16A9BDA-3E53-4F4C-BFED-9548E8035F0D}
		{52E1CB9F-BC6D-470E-8ACC-C418C2FB6306} = {AE48735E-87A7-4FD1-8D86-691CD7CD9FEF}
		{E72F836A-802D-484D-85FD-0A409807E18E} = {52E1CB9F-BC6D-470E-8ACC-C418C2FB6306}
		{6FE6F06B-49DC-4749-87F4-30B66D6A123F} = {E72F836A-802D-484D-85FD-0A409807E18E}
		{56D13303-62CB-44C3-8A76-384CABB60CA0} = {6FE6F06B-49DC-4749-87F4-30B66D6A123F}
		{7BC22D47-02DC-44FC-9003-F4D788DA4525} = {56D13303-62CB-44C3-8A76-384CABB60CA0}
		{56592132-A8A6-4C9F-822C-F7018365174F} = {7BC22D47-02DC-44FC-9003-F4D788DA4525}
		{21398571-4514-4FA2-BB73-B80D48C48E6D} = {6486CBFE-6FBD-4A6C-862F-3463EF9A65CE}
		{1D8D39DA-D68B-4BE6-BEBD-B48F064F2723} = {21398571-4514-4FA2-BB73-B80D48C48E6D}
		{D29EE1B1-7ECE-465D-AB21-BCEA9E3897F1} = {1D8D39DA-D68B-4BE6-BEBD-B48F064F2723}
		{2146D29E-D67F-4235-B56F-B14754B8E313} = {D29EE1B1-7ECE-465D-AB21-BCEA9E3897F1}
		{A39E85D2-A1AA-4209-951F-61FDC783DD4E} = {2146D29E-D67F-4235-B56F-B14754B8E313}
		{D30D718B-8D97-45C0-A173-82EF241EE6D7} = {A39E85D2-A1AA-4209-951F-61FDC783DD4E}
		{0EFC6E94-FE8C-4FF5-A664-A5F3E18A4948} = {D30D718B-8D97-45C0-A173-82EF241EE6D7}
		{0F427CEF-B7ED-4B74-A014-EA21B057FFC9} = {0EFC6E94-FE8C-4FF5-A664-A5F3E18A4948}
		{21702089-682B-4A76-A30F-2DBE5F8B74E5} = {0F427CEF-B7ED-4B74-A014-EA21B057FFC9}
	EndGlobalSection
	GlobalSection(ExtensibilityGlobals) = postSolution
		SolutionGuid = {780F4701-385C-44FB-8FD6-43FE3F8F5612}
	EndGlobalSection
EndGlobal
