
Microsoft Visual Studio Solution File, Format Version 12.00
# Visual Studio Version 17
VisualStudioVersion = 17.5.002.0
MinimumVisualStudioVersion = 10.0.40219.1
Project("{2150E333-8FDC-42A3-9474-1A3956D46DE8}") = "sdk", "sdk", "{48AE63D5-B30C-4E7F-9222-D16BE869E7C6}"
EndProject
Project("{2150E333-8FDC-42A3-9474-1A3956D46DE8}") = "examples", "examples", "{9AB9B51A-A48B-490C-AB0E-71BFBADC883B}"
EndProject
Project("{9A19103F-16F7-4668-BE54-9A1E7A4F7556}") = "csharp", "examples\csharp\csharp.csproj", "{5FA6A40A-AE56-4120-BD52-84BB6ADB5857}"
EndProject
Project("{2150E333-8FDC-42A3-9474-1A3956D46DE8}") = "nodejs", "nodejs", "{29271785-301C-46CC-96ED-ED4028C00C0B}"
EndProject
Project("{2150E333-8FDC-42A3-9474-1A3956D46DE8}") = "node_modules", "node_modules", "{C695348B-1C28-447F-8878-E2DAD617A20D}"
EndProject
Project("{2150E333-8FDC-42A3-9474-1A3956D46DE8}") = "@pulumi", "@pulumi", "{5FCC117B-F4D6-491F-990A-F171A47AD7E1}"
EndProject
Project("{2150E333-8FDC-42A3-9474-1A3956D46DE8}") = "pulumi", "pulumi", "{5234E6A3-C1B7-45E6-B52D-AAF83E58120E}"
EndProject
Project("{2150E333-8FDC-42A3-9474-1A3956D46DE8}") = "tests", "tests", "{B6F1EF3D-6B1D-424F-BF4A-A39D83A1A8EC}"
EndProject
Project("{2150E333-8FDC-42A3-9474-1A3956D46DE8}") = "automation", "automation", "{548C7D84-380F-43C8-AE4A-4CF1CB1495B9}"
EndProject
Project("{2150E333-8FDC-42A3-9474-1A3956D46DE8}") = "data", "data", "{1A722B8B-3164-4118-81F5-EDB1B43471E5}"
EndProject
Project("{9A19103F-16F7-4668-BE54-9A1E7A4F7556}") = "TestProj", "sdk\nodejs\node_modules\@pulumi\pulumi\tests\automation\data\testproj_dotnet\TestProj.csproj", "{74FF28F7-8B54-4C79-BD00-DA20B20843B8}"
EndProject
Project("{2150E333-8FDC-42A3-9474-1A3956D46DE8}") = "provider", "provider", "{B5645E31-2F51-4EB3-87DB-DAEFFAA32FB9}"
EndProject
Project("{2150E333-8FDC-42A3-9474-1A3956D46DE8}") = "cmd", "cmd", "{D1A42411-75FA-4573-B9E9-E4FD5D163B45}"
EndProject
Project("{FAE04EC0-301F-11D3-BF4B-00C04F79EFBC}") = "pulumi-resource-one-password-native-unofficial", "provider\cmd\pulumi-resource-one-password-native-unofficial\pulumi-resource-one-password-native-unofficial.csproj", "{4A0F58BE-0D6E-494E-9D85-0176B410D1BB}"
EndProject
Project("{FAE04EC0-301F-11D3-BF4B-00C04F79EFBC}") = "Rocket.Surgery.OnePasswordNativeUnofficial", "sdk\dotnet\Rocket.Surgery.OnePasswordNativeUnofficial.csproj", "{668A5B4A-E42E-42A6-AAA8-6EBB517DCBC6}"
EndProject
Global
	GlobalSection(SolutionConfigurationPlatforms) = preSolution
		Debug|Any CPU = Debug|Any CPU
		Release|Any CPU = Release|Any CPU
	EndGlobalSection
	GlobalSection(ProjectConfigurationPlatforms) = postSolution
		{5FA6A40A-AE56-4120-BD52-84BB6ADB5857}.Debug|Any CPU.ActiveCfg = Debug|Any CPU
		{5FA6A40A-AE56-4120-BD52-84BB6ADB5857}.Debug|Any CPU.Build.0 = Debug|Any CPU
		{5FA6A40A-AE56-4120-BD52-84BB6ADB5857}.Release|Any CPU.ActiveCfg = Release|Any CPU
		{5FA6A40A-AE56-4120-BD52-84BB6ADB5857}.Release|Any CPU.Build.0 = Release|Any CPU
		{74FF28F7-8B54-4C79-BD00-DA20B20843B8}.Debug|Any CPU.ActiveCfg = Debug|Any CPU
		{74FF28F7-8B54-4C79-BD00-DA20B20843B8}.Debug|Any CPU.Build.0 = Debug|Any CPU
		{74FF28F7-8B54-4C79-BD00-DA20B20843B8}.Release|Any CPU.ActiveCfg = Release|Any CPU
		{74FF28F7-8B54-4C79-BD00-DA20B20843B8}.Release|Any CPU.Build.0 = Release|Any CPU
		{4A0F58BE-0D6E-494E-9D85-0176B410D1BB}.Debug|Any CPU.ActiveCfg = Debug|Any CPU
		{4A0F58BE-0D6E-494E-9D85-0176B410D1BB}.Debug|Any CPU.Build.0 = Debug|Any CPU
		{4A0F58BE-0D6E-494E-9D85-0176B410D1BB}.Release|Any CPU.ActiveCfg = Release|Any CPU
		{4A0F58BE-0D6E-494E-9D85-0176B410D1BB}.Release|Any CPU.Build.0 = Release|Any CPU
		{668A5B4A-E42E-42A6-AAA8-6EBB517DCBC6}.Debug|Any CPU.ActiveCfg = Debug|Any CPU
		{668A5B4A-E42E-42A6-AAA8-6EBB517DCBC6}.Debug|Any CPU.Build.0 = Debug|Any CPU
		{668A5B4A-E42E-42A6-AAA8-6EBB517DCBC6}.Release|Any CPU.ActiveCfg = Release|Any CPU
		{668A5B4A-E42E-42A6-AAA8-6EBB517DCBC6}.Release|Any CPU.Build.0 = Release|Any CPU
	EndGlobalSection
	GlobalSection(SolutionProperties) = preSolution
		HideSolutionNode = FALSE
	EndGlobalSection
	GlobalSection(NestedProjects) = preSolution
		{5FA6A40A-AE56-4120-BD52-84BB6ADB5857} = {9AB9B51A-A48B-490C-AB0E-71BFBADC883B}
		{29271785-301C-46CC-96ED-ED4028C00C0B} = {48AE63D5-B30C-4E7F-9222-D16BE869E7C6}
		{C695348B-1C28-447F-8878-E2DAD617A20D} = {29271785-301C-46CC-96ED-ED4028C00C0B}
		{5FCC117B-F4D6-491F-990A-F171A47AD7E1} = {C695348B-1C28-447F-8878-E2DAD617A20D}
		{5234E6A3-C1B7-45E6-B52D-AAF83E58120E} = {5FCC117B-F4D6-491F-990A-F171A47AD7E1}
		{B6F1EF3D-6B1D-424F-BF4A-A39D83A1A8EC} = {5234E6A3-C1B7-45E6-B52D-AAF83E58120E}
		{548C7D84-380F-43C8-AE4A-4CF1CB1495B9} = {B6F1EF3D-6B1D-424F-BF4A-A39D83A1A8EC}
		{1A722B8B-3164-4118-81F5-EDB1B43471E5} = {548C7D84-380F-43C8-AE4A-4CF1CB1495B9}
		{74FF28F7-8B54-4C79-BD00-DA20B20843B8} = {1A722B8B-3164-4118-81F5-EDB1B43471E5}
		{D1A42411-75FA-4573-B9E9-E4FD5D163B45} = {B5645E31-2F51-4EB3-87DB-DAEFFAA32FB9}
		{4A0F58BE-0D6E-494E-9D85-0176B410D1BB} = {D1A42411-75FA-4573-B9E9-E4FD5D163B45}
		{668A5B4A-E42E-42A6-AAA8-6EBB517DCBC6} = {48AE63D5-B30C-4E7F-9222-D16BE869E7C6}
	EndGlobalSection
	GlobalSection(ExtensibilityGlobals) = postSolution
		SolutionGuid = {780F4701-385C-44FB-8FD6-43FE3F8F5612}
	EndGlobalSection
EndGlobal
